// !$*UTF8*$!
{
	archiveVersion = 1;
	classes = {
	};
	objectVersion = 50;
	objects = {

/* Begin PBXBuildFile section */
		596460AD259B05C90074FFD8 /* AppDelegate.swift in Sources */ = {isa = PBXBuildFile; fileRef = 596460AC259B05C90074FFD8 /* AppDelegate.swift */; };
		596460AF259B05C90074FFD8 /* SceneDelegate.swift in Sources */ = {isa = PBXBuildFile; fileRef = 596460AE259B05C90074FFD8 /* SceneDelegate.swift */; };
		596460B4259B05C90074FFD8 /* Main.storyboard in Resources */ = {isa = PBXBuildFile; fileRef = 596460B2259B05C90074FFD8 /* Main.storyboard */; };
		596460B6259B05CB0074FFD8 /* Assets.xcassets in Resources */ = {isa = PBXBuildFile; fileRef = 596460B5259B05CB0074FFD8 /* Assets.xcassets */; };
		596460B9259B05CB0074FFD8 /* LaunchScreen.storyboard in Resources */ = {isa = PBXBuildFile; fileRef = 596460B7259B05CB0074FFD8 /* LaunchScreen.storyboard */; };
		596460C2259B06470074FFD8 /* JsonModels.swift in Sources */ = {isa = PBXBuildFile; fileRef = 596460C1259B06470074FFD8 /* JsonModels.swift */; };
		596460C9259B150C0074FFD8 /* DataExtractor.swift in Sources */ = {isa = PBXBuildFile; fileRef = 596460C8259B150C0074FFD8 /* DataExtractor.swift */; };
		596460D7259B85660074FFD8 /* CheckedTableViewCell.swift in Sources */ = {isa = PBXBuildFile; fileRef = 596460D6259B85660074FFD8 /* CheckedTableViewCell.swift */; };
		596460DA259C6E6A0074FFD8 /* FindingFalconeTableViewController.swift in Sources */ = {isa = PBXBuildFile; fileRef = 596460D9259C6E6A0074FFD8 /* FindingFalconeTableViewController.swift */; };
		596460DF259C71670074FFD8 /* VehiclesTableViewController.swift in Sources */ = {isa = PBXBuildFile; fileRef = 596460DE259C71670074FFD8 /* VehiclesTableViewController.swift */; };
		59AF13FA259DAB67002CDEA9 /* StatusViewController.swift in Sources */ = {isa = PBXBuildFile; fileRef = 59AF13F9259DAB67002CDEA9 /* StatusViewController.swift */; };
		59C4CF46259EEF7100F57C30 /* TimeCalculator.swift in Sources */ = {isa = PBXBuildFile; fileRef = 59C4CF45259EEF7100F57C30 /* TimeCalculator.swift */; };
/* End PBXBuildFile section */

/* Begin PBXFileReference section */
		596460A9259B05C90074FFD8 /* FindingFalcone.app */ = {isa = PBXFileReference; explicitFileType = wrapper.application; includeInIndex = 0; path = FindingFalcone.app; sourceTree = BUILT_PRODUCTS_DIR; };
		596460AC259B05C90074FFD8 /* AppDelegate.swift */ = {isa = PBXFileReference; lastKnownFileType = sourcecode.swift; path = AppDelegate.swift; sourceTree = "<group>"; };
		596460AE259B05C90074FFD8 /* SceneDelegate.swift */ = {isa = PBXFileReference; lastKnownFileType = sourcecode.swift; path = SceneDelegate.swift; sourceTree = "<group>"; };
		596460B3259B05C90074FFD8 /* Base */ = {isa = PBXFileReference; lastKnownFileType = file.storyboard; name = Base; path = Base.lproj/Main.storyboard; sourceTree = "<group>"; };
		596460B5259B05CB0074FFD8 /* Assets.xcassets */ = {isa = PBXFileReference; lastKnownFileType = folder.assetcatalog; path = Assets.xcassets; sourceTree = "<group>"; };
		596460B8259B05CB0074FFD8 /* Base */ = {isa = PBXFileReference; lastKnownFileType = file.storyboard; name = Base; path = Base.lproj/LaunchScreen.storyboard; sourceTree = "<group>"; };
		596460BA259B05CB0074FFD8 /* Info.plist */ = {isa = PBXFileReference; lastKnownFileType = text.plist.xml; path = Info.plist; sourceTree = "<group>"; };
		596460C1259B06470074FFD8 /* JsonModels.swift */ = {isa = PBXFileReference; lastKnownFileType = sourcecode.swift; path = JsonModels.swift; sourceTree = "<group>"; };
		596460C8259B150C0074FFD8 /* DataExtractor.swift */ = {isa = PBXFileReference; lastKnownFileType = sourcecode.swift; path = DataExtractor.swift; sourceTree = "<group>"; };
		596460D6259B85660074FFD8 /* CheckedTableViewCell.swift */ = {isa = PBXFileReference; lastKnownFileType = sourcecode.swift; path = CheckedTableViewCell.swift; sourceTree = "<group>"; };
		596460D9259C6E6A0074FFD8 /* FindingFalconeTableViewController.swift */ = {isa = PBXFileReference; lastKnownFileType = sourcecode.swift; path = FindingFalconeTableViewController.swift; sourceTree = "<group>"; };
		596460DE259C71670074FFD8 /* VehiclesTableViewController.swift */ = {isa = PBXFileReference; lastKnownFileType = sourcecode.swift; path = VehiclesTableViewController.swift; sourceTree = "<group>"; };
		59AF13F9259DAB67002CDEA9 /* StatusViewController.swift */ = {isa = PBXFileReference; lastKnownFileType = sourcecode.swift; path = StatusViewController.swift; sourceTree = "<group>"; };
		59C4CF45259EEF7100F57C30 /* TimeCalculator.swift */ = {isa = PBXFileReference; lastKnownFileType = sourcecode.swift; path = TimeCalculator.swift; sourceTree = "<group>"; };
/* End PBXFileReference section */

/* Begin PBXFrameworksBuildPhase section */
		596460A6259B05C90074FFD8 /* Frameworks */ = {
			isa = PBXFrameworksBuildPhase;
			buildActionMask = 2147483647;
			files = (
			);
			runOnlyForDeploymentPostprocessing = 0;
		};
/* End PBXFrameworksBuildPhase section */

/* Begin PBXGroup section */
		596460A0259B05C90074FFD8 = {
			isa = PBXGroup;
			children = (
				596460AB259B05C90074FFD8 /* FindingFalcone */,
				596460AA259B05C90074FFD8 /* Products */,
			);
			sourceTree = "<group>";
		};
		596460AA259B05C90074FFD8 /* Products */ = {
			isa = PBXGroup;
			children = (
				596460A9259B05C90074FFD8 /* FindingFalcone.app */,
			);
			name = Products;
			sourceTree = "<group>";
		};
		596460AB259B05C90074FFD8 /* FindingFalcone */ = {
			isa = PBXGroup;
			children = (
				59C4CF44259EEF5000F57C30 /* Utilities */,
				596460C7259B14F60074FFD8 /* DataLayer */,
				596460C4259B0D2C0074FFD8 /* Models */,
				596460AC259B05C90074FFD8 /* AppDelegate.swift */,
				596460AE259B05C90074FFD8 /* SceneDelegate.swift */,
				596460B2259B05C90074FFD8 /* Main.storyboard */,
				59AF13F9259DAB67002CDEA9 /* StatusViewController.swift */,
				596460D9259C6E6A0074FFD8 /* FindingFalconeTableViewController.swift */,
				596460DE259C71670074FFD8 /* VehiclesTableViewController.swift */,
				596460B5259B05CB0074FFD8 /* Assets.xcassets */,
				596460B7259B05CB0074FFD8 /* LaunchScreen.storyboard */,
				596460BA259B05CB0074FFD8 /* Info.plist */,
				596460D6259B85660074FFD8 /* CheckedTableViewCell.swift */,
			);
			path = FindingFalcone;
			sourceTree = "<group>";
		};
		596460C4259B0D2C0074FFD8 /* Models */ = {
			isa = PBXGroup;
			children = (
				596460C1259B06470074FFD8 /* JsonModels.swift */,
			);
			path = Models;
			sourceTree = "<group>";
		};
		596460C7259B14F60074FFD8 /* DataLayer */ = {
			isa = PBXGroup;
			children = (
				596460C8259B150C0074FFD8 /* DataExtractor.swift */,
			);
			path = DataLayer;
			sourceTree = "<group>";
		};
		59C4CF44259EEF5000F57C30 /* Utilities */ = {
			isa = PBXGroup;
			children = (
				59C4CF45259EEF7100F57C30 /* TimeCalculator.swift */,
			);
			path = Utilities;
			sourceTree = "<group>";
		};
/* End PBXGroup section */

/* Begin PBXNativeTarget section */
		596460A8259B05C90074FFD8 /* FindingFalcone */ = {
			isa = PBXNativeTarget;
			buildConfigurationList = 596460BD259B05CB0074FFD8 /* Build configuration list for PBXNativeTarget "FindingFalcone" */;
			buildPhases = (
				596460A5259B05C90074FFD8 /* Sources */,
				596460A6259B05C90074FFD8 /* Frameworks */,
				596460A7259B05C90074FFD8 /* Resources */,
			);
			buildRules = (
			);
			dependencies = (
			);
			name = FindingFalcone;
			productName = FindingFalcone;
			productReference = 596460A9259B05C90074FFD8 /* FindingFalcone.app */;
			productType = "com.apple.product-type.application";
		};
/* End PBXNativeTarget section */

/* Begin PBXProject section */
		596460A1259B05C90074FFD8 /* Project object */ = {
			isa = PBXProject;
			attributes = {
				LastSwiftUpdateCheck = 1230;
				LastUpgradeCheck = 1230;
				TargetAttributes = {
					596460A8259B05C90074FFD8 = {
						CreatedOnToolsVersion = 12.3;
					};
				};
			};
			buildConfigurationList = 596460A4259B05C90074FFD8 /* Build configuration list for PBXProject "FindingFalcone" */;
			compatibilityVersion = "Xcode 9.3";
			developmentRegion = en;
			hasScannedForEncodings = 0;
			knownRegions = (
				en,
				Base,
			);
			mainGroup = 596460A0259B05C90074FFD8;
			productRefGroup = 596460AA259B05C90074FFD8 /* Products */;
			projectDirPath = "";
			projectRoot = "";
			targets = (
				596460A8259B05C90074FFD8 /* FindingFalcone */,
			);
		};
/* End PBXProject section */

/* Begin PBXResourcesBuildPhase section */
		596460A7259B05C90074FFD8 /* Resources */ = {
			isa = PBXResourcesBuildPhase;
			buildActionMask = 2147483647;
			files = (
				596460B9259B05CB0074FFD8 /* LaunchScreen.storyboard in Resources */,
				596460B6259B05CB0074FFD8 /* Assets.xcassets in Resources */,
				596460B4259B05C90074FFD8 /* Main.storyboard in Resources */,
			);
			runOnlyForDeploymentPostprocessing = 0;
		};
/* End PBXResourcesBuildPhase section */

/* Begin PBXSourcesBuildPhase section */
		596460A5259B05C90074FFD8 /* Sources */ = {
			isa = PBXSourcesBuildPhase;
			buildActionMask = 2147483647;
			files = (
				596460DA259C6E6A0074FFD8 /* FindingFalconeTableViewController.swift in Sources */,
				59C4CF46259EEF7100F57C30 /* TimeCalculator.swift in Sources */,
				596460C2259B06470074FFD8 /* JsonModels.swift in Sources */,
				596460DF259C71670074FFD8 /* VehiclesTableViewController.swift in Sources */,
				596460C9259B150C0074FFD8 /* DataExtractor.swift in Sources */,
				59AF13FA259DAB67002CDEA9 /* StatusViewController.swift in Sources */,
				596460AD259B05C90074FFD8 /* AppDelegate.swift in Sources */,
				596460D7259B85660074FFD8 /* CheckedTableViewCell.swift in Sources */,
				596460AF259B05C90074FFD8 /* SceneDelegate.swift in Sources */,
			);
			runOnlyForDeploymentPostprocessing = 0;
		};
/* End PBXSourcesBuildPhase section */

/* Begin PBXVariantGroup section */
		596460B2259B05C90074FFD8 /* Main.storyboard */ = {
			isa = PBXVariantGroup;
			children = (
				596460B3259B05C90074FFD8 /* Base */,
			);
			name = Main.storyboard;
			sourceTree = "<group>";
		};
		596460B7259B05CB0074FFD8 /* LaunchScreen.storyboard */ = {
			isa = PBXVariantGroup;
			children = (
				596460B8259B05CB0074FFD8 /* Base */,
			);
			name = LaunchScreen.storyboard;
			sourceTree = "<group>";
		};
/* End PBXVariantGroup section */

/* Begin XCBuildConfiguration section */
		596460BB259B05CB0074FFD8 /* Debug */ = {
			isa = XCBuildConfiguration;
			buildSettings = {
				ALWAYS_SEARCH_USER_PATHS = NO;
				CLANG_ANALYZER_NONNULL = YES;
				CLANG_ANALYZER_NUMBER_OBJECT_CONVERSION = YES_AGGRESSIVE;
				CLANG_CXX_LANGUAGE_STANDARD = "gnu++14";
				CLANG_CXX_LIBRARY = "libc++";
				CLANG_ENABLE_MODULES = YES;
				CLANG_ENABLE_OBJC_ARC = YES;
				CLANG_ENABLE_OBJC_WEAK = YES;
				CLANG_WARN_BLOCK_CAPTURE_AUTORELEASING = YES;
				CLANG_WARN_BOOL_CONVERSION = YES;
				CLANG_WARN_COMMA = YES;
				CLANG_WARN_CONSTANT_CONVERSION = YES;
				CLANG_WARN_DEPRECATED_OBJC_IMPLEMENTATIONS = YES;
				CLANG_WARN_DIRECT_OBJC_ISA_USAGE = YES_ERROR;
				CLANG_WARN_DOCUMENTATION_COMMENTS = YES;
				CLANG_WARN_EMPTY_BODY = YES;
				CLANG_WARN_ENUM_CONVERSION = YES;
				CLANG_WARN_INFINITE_RECURSION = YES;
				CLANG_WARN_INT_CONVERSION = YES;
				CLANG_WARN_NON_LITERAL_NULL_CONVERSION = YES;
				CLANG_WARN_OBJC_IMPLICIT_RETAIN_SELF = YES;
				CLANG_WARN_OBJC_LITERAL_CONVERSION = YES;
				CLANG_WARN_OBJC_ROOT_CLASS = YES_ERROR;
				CLANG_WARN_QUOTED_INCLUDE_IN_FRAMEWORK_HEADER = YES;
				CLANG_WARN_RANGE_LOOP_ANALYSIS = YES;
				CLANG_WARN_STRICT_PROTOTYPES = YES;
				CLANG_WARN_SUSPICIOUS_MOVE = YES;
				CLANG_WARN_UNGUARDED_AVAILABILITY = YES_AGGRESSIVE;
				CLANG_WARN_UNREACHABLE_CODE = YES;
				CLANG_WARN__DUPLICATE_METHOD_MATCH = YES;
				COPY_PHASE_STRIP = NO;
				DEBUG_INFORMATION_FORMAT = dwarf;
				ENABLE_STRICT_OBJC_MSGSEND = YES;
				ENABLE_TESTABILITY = YES;
				GCC_C_LANGUAGE_STANDARD = gnu11;
				GCC_DYNAMIC_NO_PIC = NO;
				GCC_NO_COMMON_BLOCKS = YES;
				GCC_OPTIMIZATION_LEVEL = 0;
				GCC_PREPROCESSOR_DEFINITIONS = (
					"DEBUG=1",
					"$(inherited)",
				);
				GCC_WARN_64_TO_32_BIT_CONVERSION = YES;
				GCC_WARN_ABOUT_RETURN_TYPE = YES_ERROR;
				GCC_WARN_UNDECLARED_SELECTOR = YES;
				GCC_WARN_UNINITIALIZED_AUTOS = YES_AGGRESSIVE;
				GCC_WARN_UNUSED_FUNCTION = YES;
				GCC_WARN_UNUSED_VARIABLE = YES;
				IPHONEOS_DEPLOYMENT_TARGET = 14.3;
				MTL_ENABLE_DEBUG_INFO = INCLUDE_SOURCE;
				MTL_FAST_MATH = YES;
				ONLY_ACTIVE_ARCH = YES;
				SDKROOT = iphoneos;
				SWIFT_ACTIVE_COMPILATION_CONDITIONS = DEBUG;
				SWIFT_OPTIMIZATION_LEVEL = "-Onone";
			};
			name = Debug;
		};
		596460BC259B05CB0074FFD8 /* Release */ = {
			isa = XCBuildConfiguration;
			buildSettings = {
				ALWAYS_SEARCH_USER_PATHS = NO;
				CLANG_ANALYZER_NONNULL = YES;
				CLANG_ANALYZER_NUMBER_OBJECT_CONVERSION = YES_AGGRESSIVE;
				CLANG_CXX_LANGUAGE_STANDARD = "gnu++14";
				CLANG_CXX_LIBRARY = "libc++";
				CLANG_ENABLE_MODULES = YES;
				CLANG_ENABLE_OBJC_ARC = YES;
				CLANG_ENABLE_OBJC_WEAK = YES;
				CLANG_WARN_BLOCK_CAPTURE_AUTORELEASING = YES;
				CLANG_WARN_BOOL_CONVERSION = YES;
				CLANG_WARN_COMMA = YES;
				CLANG_WARN_CONSTANT_CONVERSION = YES;
				CLANG_WARN_DEPRECATED_OBJC_IMPLEMENTATIONS = YES;
				CLANG_WARN_DIRECT_OBJC_ISA_USAGE = YES_ERROR;
				CLANG_WARN_DOCUMENTATION_COMMENTS = YES;
				CLANG_WARN_EMPTY_BODY = YES;
				CLANG_WARN_ENUM_CONVERSION = YES;
				CLANG_WARN_INFINITE_RECURSION = YES;
				CLANG_WARN_INT_CONVERSION = YES;
				CLANG_WARN_NON_LITERAL_NULL_CONVERSION = YES;
				CLANG_WARN_OBJC_IMPLICIT_RETAIN_SELF = YES;
				CLANG_WARN_OBJC_LITERAL_CONVERSION = YES;
				CLANG_WARN_OBJC_ROOT_CLASS = YES_ERROR;
				CLANG_WARN_QUOTED_INCLUDE_IN_FRAMEWORK_HEADER = YES;
				CLANG_WARN_RANGE_LOOP_ANALYSIS = YES;
				CLANG_WARN_STRICT_PROTOTYPES = YES;
				CLANG_WARN_SUSPICIOUS_MOVE = YES;
				CLANG_WARN_UNGUARDED_AVAILABILITY = YES_AGGRESSIVE;
				CLANG_WARN_UNREACHABLE_CODE = YES;
				CLANG_WARN__DUPLICATE_METHOD_MATCH = YES;
				COPY_PHASE_STRIP = NO;
				DEBUG_INFORMATION_FORMAT = "dwarf-with-dsym";
				ENABLE_NS_ASSERTIONS = NO;
				ENABLE_STRICT_OBJC_MSGSEND = YES;
				GCC_C_LANGUAGE_STANDARD = gnu11;
				GCC_NO_COMMON_BLOCKS = YES;
				GCC_WARN_64_TO_32_BIT_CONVERSION = YES;
				GCC_WARN_ABOUT_RETURN_TYPE = YES_ERROR;
				GCC_WARN_UNDECLARED_SELECTOR = YES;
				GCC_WARN_UNINITIALIZED_AUTOS = YES_AGGRESSIVE;
				GCC_WARN_UNUSED_FUNCTION = YES;
				GCC_WARN_UNUSED_VARIABLE = YES;
				IPHONEOS_DEPLOYMENT_TARGET = 14.3;
				MTL_ENABLE_DEBUG_INFO = NO;
				MTL_FAST_MATH = YES;
				SDKROOT = iphoneos;
				SWIFT_COMPILATION_MODE = wholemodule;
				SWIFT_OPTIMIZATION_LEVEL = "-O";
				VALIDATE_PRODUCT = YES;
			};
			name = Release;
		};
		596460BE259B05CB0074FFD8 /* Debug */ = {
			isa = XCBuildConfiguration;
			buildSettings = {
				ASSETCATALOG_COMPILER_APPICON_NAME = AppIcon;
				ASSETCATALOG_COMPILER_GLOBAL_ACCENT_COLOR_NAME = AccentColor;
				CODE_SIGN_STYLE = Automatic;
				DEVELOPMENT_TEAM = T5W8T2X232;
				INFOPLIST_FILE = FindingFalcone/Info.plist;
				LD_RUNPATH_SEARCH_PATHS = (
					"$(inherited)",
					"@executable_path/Frameworks",
				);
				PRODUCT_BUNDLE_IDENTIFIER = com.demo.FindingFalcone;
				PRODUCT_NAME = "$(TARGET_NAME)";
				SWIFT_VERSION = 5.0;
				TARGETED_DEVICE_FAMILY = "1,2";
			};
			name = Debug;
		};
		596460BF259B05CB0074FFD8 /* Release */ = {
			isa = XCBuildConfiguration;
			buildSettings = {
				ASSETCATALOG_COMPILER_APPICON_NAME = AppIcon;
				ASSETCATALOG_COMPILER_GLOBAL_ACCENT_COLOR_NAME = AccentColor;
				CODE_SIGN_STYLE = Automatic;
				DEVELOPMENT_TEAM = T5W8T2X232;
				INFOPLIST_FILE = FindingFalcone/Info.plist;
				LD_RUNPATH_SEARCH_PATHS = (
					"$(inherited)",
					"@executable_path/Frameworks",
				);
				PRODUCT_BUNDLE_IDENTIFIER = com.demo.FindingFalcone;
				PRODUCT_NAME = "$(TARGET_NAME)";
				SWIFT_VERSION = 5.0;
				TARGETED_DEVICE_FAMILY = "1,2";
			};
			name = Release;
		};
/* End XCBuildConfiguration section */

/* Begin XCConfigurationList section */
		596460A4259B05C90074FFD8 /* Build configuration list for PBXProject "FindingFalcone" */ = {
			isa = XCConfigurationList;
			buildConfigurations = (
				596460BB259B05CB0074FFD8 /* Debug */,
				596460BC259B05CB0074FFD8 /* Release */,
			);
			defaultConfigurationIsVisible = 0;
			defaultConfigurationName = Release;
		};
		596460BD259B05CB0074FFD8 /* Build configuration list for PBXNativeTarget "FindingFalcone" */ = {
			isa = XCConfigurationList;
			buildConfigurations = (
				596460BE259B05CB0074FFD8 /* Debug */,
				596460BF259B05CB0074FFD8 /* Release */,
			);
			defaultConfigurationIsVisible = 0;
			defaultConfigurationName = Release;
		};
/* End XCConfigurationList section */
	};
	rootObject = 596460A1259B05C90074FFD8 /* Project object */;
}
